{
  "lockfile_version": "1",
  "packages": {
    "gettext@latest": {
      "last_modified": "2025-07-16T16:36:02Z",
      "resolved": "github:NixOS/nixpkgs/fa64ec5c1ca6f17746f3defedb988b9248e97616#gettext",
      "source": "devbox-search",
      "version": "0.25",
      "systems": {
        "aarch64-darwin": {
          "outputs": [
            {
              "name": "out",
              "path": "/nix/store/q8i0bhz3bxlbjpj10g591gyh5r6yl2mi-gettext-0.25",
              "default": true
            },
            {
              "name": "man",
              "path": "/nix/store/wi8q0riwd0amss364wwsgyrswkhbvndj-gettext-0.25-man",
              "default": true
            },
            {
              "name": "info",
              "path": "/nix/store/f5bvlz2mlbm46zmjpknqshrrckafgman-gettext-0.25-info"
            },
            {
              "name": "doc",
              "path": "/nix/store/958im3m5p3wvzagw3rgshgsm5x35ls34-gettext-0.25-doc"
            }
          ],
          "store_path": "/nix/store/q8i0bhz3bxlbjpj10g591gyh5r6yl2mi-gettext-0.25"
        },
        "aarch64-linux": {
          "outputs": [
            {
              "name": "out",
              "path": "/nix/store/ahpkh0iffxhlk1nd48apj3kl4yfv2kb8-gettext-0.25",
              "default": true
            },
            {
              "name": "man",
              "path": "/nix/store/a3w8paxnk4755wxcffvic5l7bb6qha3m-gettext-0.25-man",
              "default": true
            },
            {
              "name": "doc",
              "path": "/nix/store/z0xysfmwshihfi3ig1mqfc7snva2gc9f-gettext-0.25-doc"
            },
            {
              "name": "info",
              "path": "/nix/store/x47774xlk7z73a9p06pgcm14z3wrx2zd-gettext-0.25-info"
            }
          ],
          "store_path": "/nix/store/ahpkh0iffxhlk1nd48apj3kl4yfv2kb8-gettext-0.25"
        },
        "x86_64-darwin": {
          "outputs": [
            {
              "name": "out",
              "path": "/nix/store/1g943bpzfzx7zn3p467s6gi8mwh54cgj-gettext-0.25",
              "default": true
            },
            {
              "name": "man",
              "path": "/nix/store/wm1mq08sn9hgq2fnij38b5bk0jd12b7i-gettext-0.25-man",
              "default": true
            },
            {
              "name": "doc",
              "path": "/nix/store/yxk5v8768hvx4simaa6449d5spis7njd-gettext-0.25-doc"
            },
            {
              "name": "info",
              "path": "/nix/store/r0ph40rf3mmi204cvg0qbkzsjjr2i4w6-gettext-0.25-info"
            }
          ],
          "store_path": "/nix/store/1g943bpzfzx7zn3p467s6gi8mwh54cgj-gettext-0.25"
        },
        "x86_64-linux": {
          "outputs": [
            {
              "name": "out",
              "path": "/nix/store/idymwwnvsx6si5ihybrl1zkpgp38y617-gettext-0.25",
              "default": true
            },
            {
              "name": "man",
              "path": "/nix/store/gr17y63n293k4w1s4zhxl49p5grlnfgh-gettext-0.25-man",
              "default": true
            },
            {
              "name": "info",
              "path": "/nix/store/mhmvgivbjk8j0x8xn293mbzvrh84rhsi-gettext-0.25-info"
            },
            {
              "name": "doc",
              "path": "/nix/store/x5agwzqllqnf0s4ihhw3bwhggas0mxkv-gettext-0.25-doc"
            }
          ],
          "store_path": "/nix/store/idymwwnvsx6si5ihybrl1zkpgp38y617-gettext-0.25"
        }
      }
    },
    "github:NixOS/nixpkgs/nixpkgs-unstable": {
      "last_modified": "2025-06-06T12:35:49Z",
      "resolved": "github:NixOS/nixpkgs/a4ff0e3c64846abea89662bfbacf037ef4b34207?lastModified=1749213349&narHash=sha256-UAaWOyQhdp7nXzsbmLVC67fo%2BQetzoTm9hsPf9X3yr4%3D"
    },
    "minikube@latest": {
      "last_modified": "2025-07-13T22:45:35Z",
      "resolved": "github:NixOS/nixpkgs/a421ac6595024edcfbb1ef950a3712b89161c359#minikube",
      "source": "devbox-search",
      "version": "1.36.0",
      "systems": {
        "aarch64-darwin": {
          "outputs": [
            {
              "name": "out",
              "path": "/nix/store/d5h7mik1l8ms9k0k50z7g13rmbsw5sck-minikube-1.36.0",
              "default": true
            }
          ],
          "store_path": "/nix/store/d5h7mik1l8ms9k0k50z7g13rmbsw5sck-minikube-1.36.0"
        },
        "aarch64-linux": {
          "outputs": [
            {
              "name": "out",
              "path": "/nix/store/8ilri23riprhx7ca5iaacwhfq565am92-minikube-1.36.0",
              "default": true
            }
          ],
          "store_path": "/nix/store/8ilri23riprhx7ca5iaacwhfq565am92-minikube-1.36.0"
        },
        "x86_64-darwin": {
          "outputs": [
            {
              "name": "out",
              "path": "/nix/store/znmik7b178qr03z7mqnqs50b86rdy1l6-minikube-1.36.0",
              "default": true
            }
          ],
          "store_path": "/nix/store/znmik7b178qr03z7mqnqs50b86rdy1l6-minikube-1.36.0"
        },
        "x86_64-linux": {
          "outputs": [
            {
              "name": "out",
              "path": "/nix/store/090508bw04fyzlf1glclsyw8jhg08k1z-minikube-1.36.0",
              "default": true
            }
          ],
          "store_path": "/nix/store/090508bw04fyzlf1glclsyw8jhg08k1z-minikube-1.36.0"
        }
      }
    },
    "nodejs@latest": {
      "last_modified": "2025-06-20T02:24:11Z",
      "plugin_version": "0.0.2",
      "resolved": "github:NixOS/nixpkgs/076e8c6678d8c54204abcb4b1b14c366835a58bb#nodejs_24",
      "source": "devbox-search",
      "version": "24.2.0",
      "systems": {
        "aarch64-darwin": {
          "outputs": [
            {
              "name": "out",
              "path": "/nix/store/78xjsjxlz816m628i9qfq6zd64fl0vx5-nodejs-24.2.0",
              "default": true
            },
            {
              "name": "dev",
              "path": "/nix/store/2qhf80f0drm10689vzl87qbhgkhv3zkh-nodejs-24.2.0-dev"
            },
            {
              "name": "libv8",
              "path": "/nix/store/vipmr51fhqazkm0il4pw192n6y7l49p0-nodejs-24.2.0-libv8"
            }
          ],
          "store_path": "/nix/store/78xjsjxlz816m628i9qfq6zd64fl0vx5-nodejs-24.2.0"
        },
        "aarch64-linux": {
          "outputs": [
            {
              "name": "out",
              "path": "/nix/store/zsdzmv6pakijcwsmqx5pczxbalkxbpsd-nodejs-24.2.0",
              "default": true
            },
            {
              "name": "dev",
              "path": "/nix/store/hr03sbf7a0x5784ykxld3hx6lxgqq8qy-nodejs-24.2.0-dev"
            },
            {
              "name": "libv8",
              "path": "/nix/store/z113gnz8adqwsvw0gzjc9n8m57z2j01z-nodejs-24.2.0-libv8"
            }
          ],
          "store_path": "/nix/store/zsdzmv6pakijcwsmqx5pczxbalkxbpsd-nodejs-24.2.0"
        },
        "x86_64-darwin": {
          "outputs": [
            {
              "name": "out",
              "path": "/nix/store/z70bvy27sg2n936q9lkcmqq3s8zxwjf9-nodejs-24.2.0",
              "default": true
            },
            {
              "name": "libv8",
              "path": "/nix/store/bp2fjpbznyr93kwxlp5aw2j1xr6r3cg9-nodejs-24.2.0-libv8"
            },
            {
              "name": "dev",
              "path": "/nix/store/0fd6d99l9xgdq8l1plsymkhywkpif5w6-nodejs-24.2.0-dev"
            }
          ],
          "store_path": "/nix/store/z70bvy27sg2n936q9lkcmqq3s8zxwjf9-nodejs-24.2.0"
        },
        "x86_64-linux": {
          "outputs": [
            {
              "name": "out",
              "path": "/nix/store/azpqgrv58akzqkj8fq8kb5dyc2jjk7zk-nodejs-24.2.0",
              "default": true
            },
            {
              "name": "libv8",
              "path": "/nix/store/0277k6p1chq0f2ay559jiddj7z8rwgpm-nodejs-24.2.0-libv8"
            },
            {
              "name": "dev",
              "path": "/nix/store/5wsjgd9sdsa6ria1302dc85ps84rlk7z-nodejs-24.2.0-dev"
            }
          ],
          "store_path": "/nix/store/azpqgrv58akzqkj8fq8kb5dyc2jjk7zk-nodejs-24.2.0"
        }
      }
    },
    "sipsak@latest": {
      "last_modified": "2025-07-13T22:45:35Z",
      "resolved": "github:NixOS/nixpkgs/a421ac6595024edcfbb1ef950a3712b89161c359#sipsak",
      "source": "devbox-search",
      "version": "4.5.12.1",
      "systems": {
        "aarch64-darwin": {
          "outputs": [
            {
              "name": "out",
              "path": "/nix/store/6jhi62vy8qfmrva9d22kvk7pdzn72qhk-sipsak-4.5.12.1",
              "default": true
            }
          ],
          "store_path": "/nix/store/6jhi62vy8qfmrva9d22kvk7pdzn72qhk-sipsak-4.5.12.1"
        },
        "aarch64-linux": {
          "outputs": [
            {
              "name": "out",
              "path": "/nix/store/l6zljrbrhb9jfv7q6kdhpzw5r8p6vad9-sipsak-4.5.12.1",
              "default": true
            }
          ],
          "store_path": "/nix/store/l6zljrbrhb9jfv7q6kdhpzw5r8p6vad9-sipsak-4.5.12.1"
        },
        "x86_64-darwin": {
          "outputs": [
            {
              "name": "out",
              "path": "/nix/store/3z41xqsjqq38mglkr4pxk9cwpm5bzylj-sipsak-4.5.12.1",
              "default": true
            }
          ],
          "store_path": "/nix/store/3z41xqsjqq38mglkr4pxk9cwpm5bzylj-sipsak-4.5.12.1"
        },
        "x86_64-linux": {
          "outputs": [
            {
              "name": "out",
              "path": "/nix/store/licypj0g5hl8l08n8x2k3p3vca4rqclr-sipsak-4.5.12.1",
              "default": true
            }
          ],
          "store_path": "/nix/store/licypj0g5hl8l08n8x2k3p3vca4rqclr-sipsak-4.5.12.1"
        }
      }
    },
    "sox@latest": {
      "last_modified": "2025-06-22T15:15:55Z",
      "resolved": "github:NixOS/nixpkgs/3078b9a9e75f1790e6d6ef9955fdc6a2d1740cc6#sox",
      "source": "devbox-search",
      "version": "2021-05-09",
      "systems": {
        "aarch64-darwin": {
          "outputs": [
            {
              "name": "out",
              "path": "/nix/store/lb4v74wb0ak48135ylnqkizc7p1vf6r0-sox-unstable-2021-05-09",
              "default": true
            },
            {
              "name": "man",
              "path": "/nix/store/k54h8l42ijqx2ygckda6vwlnzgm5d5jf-sox-unstable-2021-05-09-man",
              "default": true
            },
            {
              "name": "dev",
              "path": "/nix/store/xhygngj3bjyb758bvsgi4q9wh3pgc5w9-sox-unstable-2021-05-09-dev"
            },
            {
              "name": "lib",
              "path": "/nix/store/q1k88jya2gjrdlya2bqwgzc04c1vqbmc-sox-unstable-2021-05-09-lib"
            }
          ],
          "store_path": "/nix/store/lb4v74wb0ak48135ylnqkizc7p1vf6r0-sox-unstable-2021-05-09"
        },
        "aarch64-linux": {
          "outputs": [
            {
              "name": "out",
              "path": "/nix/store/6zf90bls6ld06x6xp8qpjjcax0r2pnfi-sox-unstable-2021-05-09",
              "default": true
            },
            {
              "name": "man",
              "path": "/nix/store/z9kflncaj188j31nfa4yhvcqxy7indhf-sox-unstable-2021-05-09-man",
              "default": true
            },
            {
              "name": "lib",
              "path": "/nix/store/zcxq8ysq9zs5nc2ccwyg5dclwdvgan72-sox-unstable-2021-05-09-lib"
            },
            {
              "name": "dev",
              "path": "/nix/store/ya1zfxafc7ll77sd4b1lqfyy54a4ixnd-sox-unstable-2021-05-09-dev"
            }
          ],
          "store_path": "/nix/store/6zf90bls6ld06x6xp8qpjjcax0r2pnfi-sox-unstable-2021-05-09"
        },
        "x86_64-darwin": {
          "outputs": [
            {
              "name": "out",
              "path": "/nix/store/w0288l08xwkzc46v7rv99x7frprr5nil-sox-unstable-2021-05-09",
              "default": true
            },
            {
              "name": "man",
              "path": "/nix/store/acz9dkjn98gzixjmsmji62q1byxv6c9j-sox-unstable-2021-05-09-man",
              "default": true
            },
            {
              "name": "dev",
              "path": "/nix/store/k471n5qk6yjwsp998c03rsh7hgp5imrz-sox-unstable-2021-05-09-dev"
            },
            {
              "name": "lib",
              "path": "/nix/store/bp88ss9bgsvs50y7wffw6vxdgyfk4zkd-sox-unstable-2021-05-09-lib"
            }
          ],
          "store_path": "/nix/store/w0288l08xwkzc46v7rv99x7frprr5nil-sox-unstable-2021-05-09"
        },
        "x86_64-linux": {
          "outputs": [
            {
              "name": "out",
              "path": "/nix/store/rap3dkqxpzmd29w4hdh946ax5adhcd8c-sox-unstable-2021-05-09",
              "default": true
            },
            {
              "name": "man",
              "path": "/nix/store/zm31sq130l4ycx7nmfz5790zv631r3mg-sox-unstable-2021-05-09-man",
              "default": true
            },
            {
              "name": "dev",
              "path": "/nix/store/b4m205wb6cn5ghs4pl0rq494qv1zl44v-sox-unstable-2021-05-09-dev"
            },
            {
              "name": "lib",
              "path": "/nix/store/hb78692rjykrvkwcjkk8lslxb0gvfmkw-sox-unstable-2021-05-09-lib"
            }
          ],
          "store_path": "/nix/store/rap3dkqxpzmd29w4hdh946ax5adhcd8c-sox-unstable-2021-05-09"
        }
      }
    },
    "tilt@latest": {
      "last_modified": "2025-06-20T02:24:11Z",
      "resolved": "github:NixOS/nixpkgs/076e8c6678d8c54204abcb4b1b14c366835a58bb#tilt",
      "source": "devbox-search",
      "version": "0.35.0",
      "systems": {
        "aarch64-darwin": {
          "outputs": [
            {
              "name": "out",
              "path": "/nix/store/svv68lp9igqbw7mns1rcbyzr6z1mqqkh-tilt-0.35.0",
              "default": true
            }
          ],
          "store_path": "/nix/store/svv68lp9igqbw7mns1rcbyzr6z1mqqkh-tilt-0.35.0"
        },
        "aarch64-linux": {
          "outputs": [
            {
              "name": "out",
              "path": "/nix/store/wg43agbqv34c5igsyhx4izay71phziy9-tilt-0.35.0",
              "default": true
            }
          ],
          "store_path": "/nix/store/wg43agbqv34c5igsyhx4izay71phziy9-tilt-0.35.0"
        },
        "x86_64-darwin": {
          "outputs": [
            {
              "name": "out",
              "path": "/nix/store/x9xfa1y8kbmkmx3y7ikd4s03541bwgvm-tilt-0.35.0",
              "default": true
            }
          ],
          "store_path": "/nix/store/x9xfa1y8kbmkmx3y7ikd4s03541bwgvm-tilt-0.35.0"
        },
        "x86_64-linux": {
          "outputs": [
            {
              "name": "out",
              "path": "/nix/store/h2v3430wrmalrjddl6nkq911jfv61pww-tilt-0.35.0",
              "default": true
            }
          ],
          "store_path": "/nix/store/h2v3430wrmalrjddl6nkq911jfv61pww-tilt-0.35.0"
        }
      }
    }
  }
}
